PODS:
  - ASIHTTPRequest (1.8.2):
    - ASIHTTPRequest/ASIWebPageRequest
    - ASIHTTPRequest/CloudFiles
    - ASIHTTPRequest/Core
    - ASIHTTPRequest/S3
  - ASIHTTPRequest/ASIWebPageRequest (1.8.2):
    - ASIHTTPRequest/Core
  - ASIHTTPRequest/CloudFiles (1.8.2):
    - ASIHTTPRequest/Core
  - ASIHTTPRequest/Core (1.8.2):
    - Reachability
  - ASIHTTPRequest/S3 (1.8.2):
    - ASIHTTPRequest/Core
  - Box2D (0.0.2)
  - CocoaAsyncSocket (7.3.5)
  - curl (0.0.1)
  - DTCoreText (1.6.13):
    - DTFoundation/Core (~> 1.7.1)
    - DTFoundation/DTAnimatedGIF (~> 1.7.1)
    - DTFoundation/DTHTMLParser (~> 1.7.1)
    - DTFoundation/UIKit (~> 1.7.1)
  - DTFoundation/Core (1.7.1)
  - DTFoundation/DTAnimatedGIF (1.7.1)
  - DTFoundation/DTHTMLParser (1.7.1):
    - DTFoundation/Core
  - DTFoundation/UIKit (1.7.1):
    - DTFoundation/Core
  - FMDB (2.3):
    - FMDB/standard
  - FMDB/common (2.3)
  - FMDB/standard (2.3):
    - FMDB/common
  - GZIP (1.0.3)
  - Hydra (3.0.0):
    - ASIHTTPRequest (~> 1.8.2)
    - CocoaAsyncSocket (~> 7.3.5)
    - DTCoreText (~> 1.6.12)
    - FMDB (~> 2.3)
    - GZIP (~> 1.0.2)
    - NSData+Base64 (~> 1.0.0)
    - OpenSSL-Universal (~> 1.0.1.h)
    - Reachability (~> 3.1.1)
    - TouchJSON (~> 1.1)
    - UIDevice-Hardware (~> 0.1.3)
    - ZBarSDK (~> 1.3.1)
    - ZipArchive (~> 1.2.0)
  - lua51 (5.1.5)
  - NSData+Base64 (1.0.0)
  - OpenSSL-Universal (1.0.1.h)
  - Reachability (3.1.1)
  - sqlcipher (1.0.1):
    - OpenSSL-Universal (~> 1.0.1.h)
  - TouchJSON (1.1)
  - UIDevice-Hardware (0.1.3)
  - ZBarSDK (1.3.1)
  - ZipArchive (1.2.0)

DEPENDENCIES:
  - Box2D (from `https://github.com/HydraFramework/HydraDependencyBox2D.git`)
  - curl (from `https://github.com/HydraFramework/HydraDependencyCURL.git`)
  - Hydra (from `https://github.com/HydraFramework/release-ios.git`)
  - lua51 (from `https://github.com/HydraFramework/lua51.git`)
  - sqlcipher (from `https://github.com/HydraFramework/HydraDependencySqlCipher.git`)

EXTERNAL SOURCES:
  Box2D:
    :git: https://github.com/HydraFramework/HydraDependencyBox2D.git
  curl:
    :git: https://github.com/HydraFramework/HydraDependencyCURL.git
  Hydra:
    :git: https://github.com/HydraFramework/release-ios.git
  lua51:
    :git: https://github.com/HydraFramework/lua51.git
  sqlcipher:
    :git: https://github.com/HydraFramework/HydraDependencySqlCipher.git

SPEC CHECKSUMS:
  ASIHTTPRequest: 2c8335b49410c0e2ad42829c438e74d454b77590
  Box2D: 45fb6e364d33da32f7ed49b42fccc79d0c874eec
  CocoaAsyncSocket: 45bdbbc1c0a5ed0640ff4c42af325ba43a2f099a
  curl: fe4dc2934a4052f7467de7ae475882d195e1550f
  DTCoreText: 84eb8ba2e70448fdd9d837540e371f9f587b65ba
  DTFoundation: ef6fb95da64f202d1600bc23dde79c6fd74c0c2d
  FMDB: 31ec26773c7f7b7890a6038235a1f2bbd933a7cb
  GZIP: f27c434ffee5e9a9b34f4e9c19e91350fa8bbde1
  Hydra: cee483f96103a1decc6dbdcdce4a47aef359b638
  lua51: a91b115281a86cfc17eb23deee1393ca73f0fa98
  NSData+Base64: aae92a2e3f0bd88b29fe6093551ded3f5c062548
  OpenSSL-Universal: c109d62ff4632cfa306e98d2159365266b3f44c3
  Reachability: 8e9635e3cb4f98e7f825e51147f677ecc694d0e7
  sqlcipher: e68cf2a41d700fca574ead741351c9ac6124d7fb
  TouchJSON: b40940e40e53bb9b1ad60c63e01ed83bff93d53e
  UIDevice-Hardware: b1c37dbeee3a5279ac15fbba070b8de556496b67
  ZBarSDK: 3ed560856963f765b66d834f464590bd6ba13b44
  ZipArchive: 1753357f3081f87ab5776d4c4ff25f7ddefd2fd1

COCOAPODS: 0.33.1
