// !$*UTF8*$!
{
	archiveVersion = 1;
	classes = {
	};
	objectVersion = 46;
	objects = {

/* Begin PBXBuildFile section */
		22381AEE1A3AC2DD002B4188 /* iphone6.png in Resources */ = {isa = PBXBuildFile; fileRef = 22381AED1A3AC2DD002B4188 /* iphone6.png */; };
		22381AF01A3AC2E9002B4188 /* Images.xcassets in Resources */ = {isa = PBXBuildFile; fileRef = 22381AEF1A3AC2E9002B4188 /* Images.xcassets */; };
		2256DA68196BE2DD00830A10 /* Settings.bundle in Resources */ = {isa = PBXBuildFile; fileRef = 2256DA67196BE2DD00830A10 /* Settings.bundle */; };
		2256DA6E196BE51F00830A10 /* Archive.zip in Resources */ = {isa = PBXBuildFile; fileRef = 2256DA6A196BE51F00830A10 /* Archive.zip */; };
		2256DA6F196BE51F00830A10 /* busy_background.png in Resources */ = {isa = PBXBuildFile; fileRef = 2256DA6B196BE51F00830A10 /* busy_background.png */; };
		2256DA70196BE51F00830A10 /* busy_background@2x.png in Resources */ = {isa = PBXBuildFile; fileRef = 2256DA6C196BE51F00830A10 /* busy_background@2x.png */; };
		2256DA71196BE51F00830A10 /* config.plist in Resources */ = {isa = PBXBuildFile; fileRef = 2256DA6D196BE51F00830A10 /* config.plist */; };
		225EB5A3196BDF2A00ABB668 /* Foundation.framework in Frameworks */ = {isa = PBXBuildFile; fileRef = 225EB5A2196BDF2A00ABB668 /* Foundation.framework */; };
		225EB5A5196BDF2A00ABB668 /* CoreGraphics.framework in Frameworks */ = {isa = PBXBuildFile; fileRef = 225EB5A4196BDF2A00ABB668 /* CoreGraphics.framework */; };
		225EB5A7196BDF2A00ABB668 /* UIKit.framework in Frameworks */ = {isa = PBXBuildFile; fileRef = 225EB5A6196BDF2A00ABB668 /* UIKit.framework */; };
		225EB5AD196BDF2A00ABB668 /* InfoPlist.strings in Resources */ = {isa = PBXBuildFile; fileRef = 225EB5AB196BDF2A00ABB668 /* InfoPlist.strings */; };
		225EB5AF196BDF2A00ABB668 /* main.m in Sources */ = {isa = PBXBuildFile; fileRef = 225EB5AE196BDF2A00ABB668 /* main.m */; };
		225EB5B3196BDF2A00ABB668 /* AppDelegate.mm in Sources */ = {isa = PBXBuildFile; fileRef = 225EB5B2196BDF2A00ABB668 /* AppDelegate.mm */; };
		225EB5BC196BDF2A00ABB668 /* XCTest.framework in Frameworks */ = {isa = PBXBuildFile; fileRef = 225EB5BB196BDF2A00ABB668 /* XCTest.framework */; };
		225EB5BD196BDF2A00ABB668 /* Foundation.framework in Frameworks */ = {isa = PBXBuildFile; fileRef = 225EB5A2196BDF2A00ABB668 /* Foundation.framework */; };
		225EB5BE196BDF2A00ABB668 /* UIKit.framework in Frameworks */ = {isa = PBXBuildFile; fileRef = 225EB5A6196BDF2A00ABB668 /* UIKit.framework */; };
		225EB5C6196BDF2A00ABB668 /* InfoPlist.strings in Resources */ = {isa = PBXBuildFile; fileRef = 225EB5C4196BDF2A00ABB668 /* InfoPlist.strings */; };
		225EB5C8196BDF2A00ABB668 /* HydraDemoTests.m in Sources */ = {isa = PBXBuildFile; fileRef = 225EB5C7196BDF2A00ABB668 /* HydraDemoTests.m */; };
		22D57EFB19AC73A300B112AD /* libresolv.dylib in Frameworks */ = {isa = PBXBuildFile; fileRef = 22D57EFA19AC73A300B112AD /* libresolv.dylib */; };
		22DE44301A5154F000D9A188 /* CubeWidget.m in Sources */ = {isa = PBXBuildFile; fileRef = 22DE442F1A5154F000D9A188 /* CubeWidget.m */; };
		22DE44331A516C0800D9A188 /* CubeView.m in Sources */ = {isa = PBXBuildFile; fileRef = 22DE44321A516C0800D9A188 /* CubeView.m */; };
		22F33E561A0C97D400A6950D /* libEOSStatic.a in Frameworks */ = {isa = PBXBuildFile; fileRef = 22F33E551A0C97D400A6950D /* libEOSStatic.a */; };
		702425C9BEF45B0B1376A128 /* libPods.a in Frameworks */ = {isa = PBXBuildFile; fileRef = CE51A3CE2B3F413484392EFD /* libPods.a */; };
/* End PBXBuildFile section */

/* Begin PBXContainerItemProxy section */
		225EB5BF196BDF2A00ABB668 /* PBXContainerItemProxy */ = {
			isa = PBXContainerItemProxy;
			containerPortal = 225EB597196BDF2A00ABB668 /* Project object */;
			proxyType = 1;
			remoteGlobalIDString = 225EB59E196BDF2A00ABB668;
			remoteInfo = HydraDemo;
		};
/* End PBXContainerItemProxy section */

/* Begin PBXFileReference section */
		22381AED1A3AC2DD002B4188 /* iphone6.png */ = {isa = PBXFileReference; lastKnownFileType = image.png; path = iphone6.png; sourceTree = "<group>"; };
		22381AEF1A3AC2E9002B4188 /* Images.xcassets */ = {isa = PBXFileReference; lastKnownFileType = folder.assetcatalog; path = Images.xcassets; sourceTree = "<group>"; };
		2239AB69196D0162007EA79A /* libEOSStatic.a */ = {isa = PBXFileReference; lastKnownFileType = archive.ar; name = libEOSStatic.a; path = "../../hydra-ios/build/Debug-iphoneos/libEOSStatic.a"; sourceTree = "<group>"; };
		2256DA67196BE2DD00830A10 /* Settings.bundle */ = {isa = PBXFileReference; lastKnownFileType = "wrapper.plug-in"; path = Settings.bundle; sourceTree = "<group>"; };
		2256DA6A196BE51F00830A10 /* Archive.zip */ = {isa = PBXFileReference; lastKnownFileType = archive.zip; path = Archive.zip; sourceTree = "<group>"; };
		2256DA6B196BE51F00830A10 /* busy_background.png */ = {isa = PBXFileReference; lastKnownFileType = image.png; path = busy_background.png; sourceTree = "<group>"; };
		2256DA6C196BE51F00830A10 /* busy_background@2x.png */ = {isa = PBXFileReference; lastKnownFileType = image.png; path = "busy_background@2x.png"; sourceTree = "<group>"; };
		2256DA6D196BE51F00830A10 /* config.plist */ = {isa = PBXFileReference; fileEncoding = 4; lastKnownFileType = text.plist.xml; path = config.plist; sourceTree = "<group>"; };
		225EB59F196BDF2A00ABB668 /* HydraDemo.app */ = {isa = PBXFileReference; explicitFileType = wrapper.application; includeInIndex = 0; path = HydraDemo.app; sourceTree = BUILT_PRODUCTS_DIR; };
		225EB5A2196BDF2A00ABB668 /* Foundation.framework */ = {isa = PBXFileReference; lastKnownFileType = wrapper.framework; name = Foundation.framework; path = System/Library/Frameworks/Foundation.framework; sourceTree = SDKROOT; };
		225EB5A4196BDF2A00ABB668 /* CoreGraphics.framework */ = {isa = PBXFileReference; lastKnownFileType = wrapper.framework; name = CoreGraphics.framework; path = System/Library/Frameworks/CoreGraphics.framework; sourceTree = SDKROOT; };
		225EB5A6196BDF2A00ABB668 /* UIKit.framework */ = {isa = PBXFileReference; lastKnownFileType = wrapper.framework; name = UIKit.framework; path = System/Library/Frameworks/UIKit.framework; sourceTree = SDKROOT; };
		225EB5AA196BDF2A00ABB668 /* HydraDemo-Info.plist */ = {isa = PBXFileReference; lastKnownFileType = text.plist.xml; path = "HydraDemo-Info.plist"; sourceTree = "<group>"; };
		225EB5AC196BDF2A00ABB668 /* en */ = {isa = PBXFileReference; lastKnownFileType = text.plist.strings; name = en; path = en.lproj/InfoPlist.strings; sourceTree = "<group>"; };
		225EB5AE196BDF2A00ABB668 /* main.m */ = {isa = PBXFileReference; lastKnownFileType = sourcecode.c.objc; path = main.m; sourceTree = "<group>"; };
		225EB5B0196BDF2A00ABB668 /* HydraDemo-Prefix.pch */ = {isa = PBXFileReference; lastKnownFileType = sourcecode.c.h; path = "HydraDemo-Prefix.pch"; sourceTree = "<group>"; };
		225EB5B1196BDF2A00ABB668 /* AppDelegate.h */ = {isa = PBXFileReference; lastKnownFileType = sourcecode.c.h; path = AppDelegate.h; sourceTree = "<group>"; };
		225EB5B2196BDF2A00ABB668 /* AppDelegate.mm */ = {isa = PBXFileReference; lastKnownFileType = sourcecode.cpp.objcpp; path = AppDelegate.mm; sourceTree = "<group>"; };
		225EB5BA196BDF2A00ABB668 /* HydraDemoTests.xctest */ = {isa = PBXFileReference; explicitFileType = wrapper.cfbundle; includeInIndex = 0; path = HydraDemoTests.xctest; sourceTree = BUILT_PRODUCTS_DIR; };
		225EB5BB196BDF2A00ABB668 /* XCTest.framework */ = {isa = PBXFileReference; lastKnownFileType = wrapper.framework; name = XCTest.framework; path = Library/Frameworks/XCTest.framework; sourceTree = DEVELOPER_DIR; };
		225EB5C3196BDF2A00ABB668 /* HydraDemoTests-Info.plist */ = {isa = PBXFileReference; lastKnownFileType = text.plist.xml; path = "HydraDemoTests-Info.plist"; sourceTree = "<group>"; };
		225EB5C5196BDF2A00ABB668 /* en */ = {isa = PBXFileReference; lastKnownFileType = text.plist.strings; name = en; path = en.lproj/InfoPlist.strings; sourceTree = "<group>"; };
		225EB5C7196BDF2A00ABB668 /* HydraDemoTests.m */ = {isa = PBXFileReference; lastKnownFileType = sourcecode.c.objc; path = HydraDemoTests.m; sourceTree = "<group>"; };
		22BB612D1A0CC405008A4288 /* libstdc++.6.0.9.dylib */ = {isa = PBXFileReference; lastKnownFileType = "compiled.mach-o.dylib"; name = "libstdc++.6.0.9.dylib"; path = "usr/lib/libstdc++.6.0.9.dylib"; sourceTree = SDKROOT; };
		22D57EFA19AC73A300B112AD /* libresolv.dylib */ = {isa = PBXFileReference; lastKnownFileType = "compiled.mach-o.dylib"; name = libresolv.dylib; path = usr/lib/libresolv.dylib; sourceTree = SDKROOT; };
		22DE442E1A5154F000D9A188 /* CubeWidget.h */ = {isa = PBXFileReference; fileEncoding = 4; lastKnownFileType = sourcecode.c.h; path = CubeWidget.h; sourceTree = "<group>"; };
		22DE442F1A5154F000D9A188 /* CubeWidget.m */ = {isa = PBXFileReference; fileEncoding = 4; lastKnownFileType = sourcecode.c.objc; path = CubeWidget.m; sourceTree = "<group>"; };
		22DE44311A516C0800D9A188 /* CubeView.h */ = {isa = PBXFileReference; fileEncoding = 4; lastKnownFileType = sourcecode.c.h; path = CubeView.h; sourceTree = "<group>"; };
		22DE44321A516C0800D9A188 /* CubeView.m */ = {isa = PBXFileReference; fileEncoding = 4; lastKnownFileType = sourcecode.c.objc; path = CubeView.m; sourceTree = "<group>"; };
		22F33E511A0C96E700A6950D /* libEOSStatic.a */ = {isa = PBXFileReference; lastKnownFileType = archive.ar; name = libEOSStatic.a; path = "../../hydra-ios/build/Debug-iphoneos/libEOSStatic.a"; sourceTree = "<group>"; };
		22F33E531A0C96EE00A6950D /* libPods.a */ = {isa = PBXFileReference; lastKnownFileType = archive.ar; name = libPods.a; path = "Pods/build/Debug-iphoneos/libPods.a"; sourceTree = "<group>"; };
		22F33E551A0C97D400A6950D /* libEOSStatic.a */ = {isa = PBXFileReference; lastKnownFileType = archive.ar; name = libEOSStatic.a; path = "../../hydra-ios/build/Debug-iphoneos/libEOSStatic.a"; sourceTree = "<group>"; };
		4AEA3B962F01A1290E40686E /* Pods.release.xcconfig */ = {isa = PBXFileReference; includeInIndex = 1; lastKnownFileType = text.xcconfig; name = Pods.release.xcconfig; path = "Pods/Target Support Files/Pods/Pods.release.xcconfig"; sourceTree = "<group>"; };
		850437F3B66E3C1407093DBA /* Pods.debug.xcconfig */ = {isa = PBXFileReference; includeInIndex = 1; lastKnownFileType = text.xcconfig; name = Pods.debug.xcconfig; path = "Pods/Target Support Files/Pods/Pods.debug.xcconfig"; sourceTree = "<group>"; };
		CE51A3CE2B3F413484392EFD /* libPods.a */ = {isa = PBXFileReference; explicitFileType = archive.ar; includeInIndex = 0; path = libPods.a; sourceTree = BUILT_PRODUCTS_DIR; };
/* End PBXFileReference section */

/* Begin PBXFrameworksBuildPhase section */
		225EB59C196BDF2A00ABB668 /* Frameworks */ = {
			isa = PBXFrameworksBuildPhase;
			buildActionMask = 2147483647;
			files = (
				22F33E561A0C97D400A6950D /* libEOSStatic.a in Frameworks */,
				22D57EFB19AC73A300B112AD /* libresolv.dylib in Frameworks */,
				225EB5A5196BDF2A00ABB668 /* CoreGraphics.framework in Frameworks */,
				225EB5A7196BDF2A00ABB668 /* UIKit.framework in Frameworks */,
				225EB5A3196BDF2A00ABB668 /* Foundation.framework in Frameworks */,
				702425C9BEF45B0B1376A128 /* libPods.a in Frameworks */,
			);
			runOnlyForDeploymentPostprocessing = 0;
		};
		225EB5B7196BDF2A00ABB668 /* Frameworks */ = {
			isa = PBXFrameworksBuildPhase;
			buildActionMask = 2147483647;
			files = (
				225EB5BC196BDF2A00ABB668 /* XCTest.framework in Frameworks */,
				225EB5BE196BDF2A00ABB668 /* UIKit.framework in Frameworks */,
				225EB5BD196BDF2A00ABB668 /* Foundation.framework in Frameworks */,
			);
			runOnlyForDeploymentPostprocessing = 0;
		};
/* End PBXFrameworksBuildPhase section */

/* Begin PBXGroup section */
		2256DA69196BE51E00830A10 /* Resources */ = {
			isa = PBXGroup;
			children = (
				2256DA6A196BE51F00830A10 /* Archive.zip */,
				2256DA6B196BE51F00830A10 /* busy_background.png */,
				2256DA6C196BE51F00830A10 /* busy_background@2x.png */,
				2256DA6D196BE51F00830A10 /* config.plist */,
			);
			path = Resources;
			sourceTree = "<group>";
		};
		225EB596196BDF2A00ABB668 = {
			isa = PBXGroup;
			children = (
				22381AED1A3AC2DD002B4188 /* iphone6.png */,
				2256DA69196BE51E00830A10 /* Resources */,
				2256DA67196BE2DD00830A10 /* Settings.bundle */,
				225EB5A8196BDF2A00ABB668 /* HydraDemo */,
				225EB5C1196BDF2A00ABB668 /* HydraDemoTests */,
				225EB5A1196BDF2A00ABB668 /* Frameworks */,
				225EB5A0196BDF2A00ABB668 /* Products */,
				66617AE69E30F8770C26BD02 /* Pods */,
			);
			sourceTree = "<group>";
		};
		225EB5A0196BDF2A00ABB668 /* Products */ = {
			isa = PBXGroup;
			children = (
				225EB59F196BDF2A00ABB668 /* HydraDemo.app */,
				225EB5BA196BDF2A00ABB668 /* HydraDemoTests.xctest */,
			);
			name = Products;
			sourceTree = "<group>";
		};
		225EB5A1196BDF2A00ABB668 /* Frameworks */ = {
			isa = PBXGroup;
			children = (
				22BB612D1A0CC405008A4288 /* libstdc++.6.0.9.dylib */,
				22F33E551A0C97D400A6950D /* libEOSStatic.a */,
				22F33E531A0C96EE00A6950D /* libPods.a */,
				22F33E511A0C96E700A6950D /* libEOSStatic.a */,
				22D57EFA19AC73A300B112AD /* libresolv.dylib */,
				2239AB69196D0162007EA79A /* libEOSStatic.a */,
				225EB5A2196BDF2A00ABB668 /* Foundation.framework */,
				225EB5A4196BDF2A00ABB668 /* CoreGraphics.framework */,
				225EB5A6196BDF2A00ABB668 /* UIKit.framework */,
				225EB5BB196BDF2A00ABB668 /* XCTest.framework */,
				CE51A3CE2B3F413484392EFD /* libPods.a */,
			);
			name = Frameworks;
			sourceTree = "<group>";
		};
		225EB5A8196BDF2A00ABB668 /* HydraDemo */ = {
			isa = PBXGroup;
			children = (
				22DE442E1A5154F000D9A188 /* CubeWidget.h */,
				22DE442F1A5154F000D9A188 /* CubeWidget.m */,
				22DE44311A516C0800D9A188 /* CubeView.h */,
				22DE44321A516C0800D9A188 /* CubeView.m */,
				225EB5B1196BDF2A00ABB668 /* AppDelegate.h */,
				225EB5B2196BDF2A00ABB668 /* AppDelegate.mm */,
				22381AEF1A3AC2E9002B4188 /* Images.xcassets */,
				225EB5A9196BDF2A00ABB668 /* Supporting Files */,
			);
			path = HydraDemo;
			sourceTree = "<group>";
		};
		225EB5A9196BDF2A00ABB668 /* Supporting Files */ = {
			isa = PBXGroup;
			children = (
				225EB5AA196BDF2A00ABB668 /* HydraDemo-Info.plist */,
				225EB5AB196BDF2A00ABB668 /* InfoPlist.strings */,
				225EB5AE196BDF2A00ABB668 /* main.m */,
				225EB5B0196BDF2A00ABB668 /* HydraDemo-Prefix.pch */,
			);
			name = "Supporting Files";
			sourceTree = "<group>";
		};
		225EB5C1196BDF2A00ABB668 /* HydraDemoTests */ = {
			isa = PBXGroup;
			children = (
				225EB5C7196BDF2A00ABB668 /* HydraDemoTests.m */,
				225EB5C2196BDF2A00ABB668 /* Supporting Files */,
			);
			path = HydraDemoTests;
			sourceTree = "<group>";
		};
		225EB5C2196BDF2A00ABB668 /* Supporting Files */ = {
			isa = PBXGroup;
			children = (
				225EB5C3196BDF2A00ABB668 /* HydraDemoTests-Info.plist */,
				225EB5C4196BDF2A00ABB668 /* InfoPlist.strings */,
			);
			name = "Supporting Files";
			sourceTree = "<group>";
		};
		66617AE69E30F8770C26BD02 /* Pods */ = {
			isa = PBXGroup;
			children = (
				850437F3B66E3C1407093DBA /* Pods.debug.xcconfig */,
				4AEA3B962F01A1290E40686E /* Pods.release.xcconfig */,
			);
			name = Pods;
			sourceTree = "<group>";
		};
/* End PBXGroup section */

/* Begin PBXNativeTarget section */
		225EB59E196BDF2A00ABB668 /* HydraDemo */ = {
			isa = PBXNativeTarget;
			buildConfigurationList = 225EB5CB196BDF2A00ABB668 /* Build configuration list for PBXNativeTarget "HydraDemo" */;
			buildPhases = (
				DB931F239BCD4610A771291D /* Check Pods Manifest.lock */,
				225EB59B196BDF2A00ABB668 /* Sources */,
				225EB59C196BDF2A00ABB668 /* Frameworks */,
				225EB59D196BDF2A00ABB668 /* Resources */,
				3F9B698EDCD3411EABBECF1C /* Copy Pods Resources */,
			);
			buildRules = (
			);
			dependencies = (
			);
			name = HydraDemo;
			productName = HydraDemo;
			productReference = 225EB59F196BDF2A00ABB668 /* HydraDemo.app */;
			productType = "com.apple.product-type.application";
		};
		225EB5B9196BDF2A00ABB668 /* HydraDemoTests */ = {
			isa = PBXNativeTarget;
			buildConfigurationList = 225EB5CE196BDF2A00ABB668 /* Build configuration list for PBXNativeTarget "HydraDemoTests" */;
			buildPhases = (
				225EB5B6196BDF2A00ABB668 /* Sources */,
				225EB5B7196BDF2A00ABB668 /* Frameworks */,
				225EB5B8196BDF2A00ABB668 /* Resources */,
			);
			buildRules = (
			);
			dependencies = (
				225EB5C0196BDF2A00ABB668 /* PBXTargetDependency */,
			);
			name = HydraDemoTests;
			productName = HydraDemoTests;
			productReference = 225EB5BA196BDF2A00ABB668 /* HydraDemoTests.xctest */;
			productType = "com.apple.product-type.bundle.unit-test";
		};
/* End PBXNativeTarget section */

/* Begin PBXProject section */
		225EB597196BDF2A00ABB668 /* Project object */ = {
			isa = PBXProject;
			attributes = {
				LastUpgradeCheck = 0510;
				ORGANIZATIONNAME = "___FULLUSERNAME___";
				TargetAttributes = {
					225EB5B9196BDF2A00ABB668 = {
						TestTargetID = 225EB59E196BDF2A00ABB668;
					};
				};
			};
			buildConfigurationList = 225EB59A196BDF2A00ABB668 /* Build configuration list for PBXProject "HydraDemo" */;
			compatibilityVersion = "Xcode 3.2";
			developmentRegion = English;
			hasScannedForEncodings = 0;
			knownRegions = (
				en,
			);
			mainGroup = 225EB596196BDF2A00ABB668;
			productRefGroup = 225EB5A0196BDF2A00ABB668 /* Products */;
			projectDirPath = "";
			projectRoot = "";
			targets = (
				225EB59E196BDF2A00ABB668 /* HydraDemo */,
				225EB5B9196BDF2A00ABB668 /* HydraDemoTests */,
			);
		};
/* End PBXProject section */

/* Begin PBXResourcesBuildPhase section */
		225EB59D196BDF2A00ABB668 /* Resources */ = {
			isa = PBXResourcesBuildPhase;
			buildActionMask = 2147483647;
			files = (
				22381AF01A3AC2E9002B4188 /* Images.xcassets in Resources */,
				2256DA71196BE51F00830A10 /* config.plist in Resources */,
				225EB5AD196BDF2A00ABB668 /* InfoPlist.strings in Resources */,
				2256DA6F196BE51F00830A10 /* busy_background.png in Resources */,
				2256DA68196BE2DD00830A10 /* Settings.bundle in Resources */,
				2256DA6E196BE51F00830A10 /* Archive.zip in Resources */,
				2256DA70196BE51F00830A10 /* busy_background@2x.png in Resources */,
				22381AEE1A3AC2DD002B4188 /* iphone6.png in Resources */,
			);
			runOnlyForDeploymentPostprocessing = 0;
		};
		225EB5B8196BDF2A00ABB668 /* Resources */ = {
			isa = PBXResourcesBuildPhase;
			buildActionMask = 2147483647;
			files = (
				225EB5C6196BDF2A00ABB668 /* InfoPlist.strings in Resources */,
			);
			runOnlyForDeploymentPostprocessing = 0;
		};
/* End PBXResourcesBuildPhase section */

/* Begin PBXShellScriptBuildPhase section */
		3F9B698EDCD3411EABBECF1C /* Copy Pods Resources */ = {
			isa = PBXShellScriptBuildPhase;
			buildActionMask = 2147483647;
			files = (
			);
			inputPaths = (
			);
			name = "Copy Pods Resources";
			outputPaths = (
			);
			runOnlyForDeploymentPostprocessing = 0;
			shellPath = /bin/sh;
			shellScript = "\"${SRCROOT}/Pods/Target Support Files/Pods/Pods-resources.sh\"\n";
			showEnvVarsInLog = 0;
		};
		DB931F239BCD4610A771291D /* Check Pods Manifest.lock */ = {
			isa = PBXShellScriptBuildPhase;
			buildActionMask = 2147483647;
			files = (
			);
			inputPaths = (
			);
			name = "Check Pods Manifest.lock";
			outputPaths = (
			);
			runOnlyForDeploymentPostprocessing = 0;
			shellPath = /bin/sh;
			shellScript = "diff \"${PODS_ROOT}/../Podfile.lock\" \"${PODS_ROOT}/Manifest.lock\" > /dev/null\nif [[ $? != 0 ]] ; then\n    cat << EOM\nerror: The sandbox is not in sync with the Podfile.lock. Run 'pod install' or update your CocoaPods installation.\nEOM\n    exit 1\nfi\n";
			showEnvVarsInLog = 0;
		};
/* End PBXShellScriptBuildPhase section */

/* Begin PBXSourcesBuildPhase section */
		225EB59B196BDF2A00ABB668 /* Sources */ = {
			isa = PBXSourcesBuildPhase;
			buildActionMask = 2147483647;
			files = (
				225EB5B3196BDF2A00ABB668 /* AppDelegate.mm in Sources */,
				225EB5AF196BDF2A00ABB668 /* main.m in Sources */,
				22DE44301A5154F000D9A188 /* CubeWidget.m in Sources */,
				22DE44331A516C0800D9A188 /* CubeView.m in Sources */,
			);
			runOnlyForDeploymentPostprocessing = 0;
		};
		225EB5B6196BDF2A00ABB668 /* Sources */ = {
			isa = PBXSourcesBuildPhase;
			buildActionMask = 2147483647;
			files = (
				225EB5C8196BDF2A00ABB668 /* HydraDemoTests.m in Sources */,
			);
			runOnlyForDeploymentPostprocessing = 0;
		};
/* End PBXSourcesBuildPhase section */

/* Begin PBXTargetDependency section */
		225EB5C0196BDF2A00ABB668 /* PBXTargetDependency */ = {
			isa = PBXTargetDependency;
			target = 225EB59E196BDF2A00ABB668 /* HydraDemo */;
			targetProxy = 225EB5BF196BDF2A00ABB668 /* PBXContainerItemProxy */;
		};
/* End PBXTargetDependency section */

/* Begin PBXVariantGroup section */
		225EB5AB196BDF2A00ABB668 /* InfoPlist.strings */ = {
			isa = PBXVariantGroup;
			children = (
				225EB5AC196BDF2A00ABB668 /* en */,
			);
			name = InfoPlist.strings;
			sourceTree = "<group>";
		};
		225EB5C4196BDF2A00ABB668 /* InfoPlist.strings */ = {
			isa = PBXVariantGroup;
			children = (
				225EB5C5196BDF2A00ABB668 /* en */,
			);
			name = InfoPlist.strings;
			sourceTree = "<group>";
		};
/* End PBXVariantGroup section */

/* Begin XCBuildConfiguration section */
		225EB5C9196BDF2A00ABB668 /* Debug */ = {
			isa = XCBuildConfiguration;
			buildSettings = {
				ALWAYS_SEARCH_USER_PATHS = NO;
				CLANG_CXX_LANGUAGE_STANDARD = "gnu++0x";
				CLANG_CXX_LIBRARY = "libc++";
				CLANG_ENABLE_MODULES = YES;
				CLANG_ENABLE_OBJC_ARC = YES;
				CLANG_WARN_BOOL_CONVERSION = YES;
				CLANG_WARN_CONSTANT_CONVERSION = YES;
				CLANG_WARN_DIRECT_OBJC_ISA_USAGE = YES_ERROR;
				CLANG_WARN_EMPTY_BODY = YES;
				CLANG_WARN_ENUM_CONVERSION = YES;
				CLANG_WARN_INT_CONVERSION = YES;
				CLANG_WARN_OBJC_ROOT_CLASS = YES_ERROR;
				CLANG_WARN__DUPLICATE_METHOD_MATCH = YES;
				"CODE_SIGN_IDENTITY[sdk=iphoneos*]" = "iPhone Developer";
				COPY_PHASE_STRIP = NO;
				GCC_C_LANGUAGE_STANDARD = gnu99;
				GCC_DYNAMIC_NO_PIC = NO;
				GCC_OPTIMIZATION_LEVEL = 0;
				GCC_PREPROCESSOR_DEFINITIONS = (
					"DEBUG=1",
					"$(inherited)",
				);
				GCC_SYMBOLS_PRIVATE_EXTERN = NO;
				GCC_WARN_64_TO_32_BIT_CONVERSION = YES;
				GCC_WARN_ABOUT_RETURN_TYPE = YES_ERROR;
				GCC_WARN_UNDECLARED_SELECTOR = YES;
				GCC_WARN_UNINITIALIZED_AUTOS = YES_AGGRESSIVE;
				GCC_WARN_UNUSED_FUNCTION = YES;
				GCC_WARN_UNUSED_VARIABLE = YES;
				HEADER_SEARCH_PATHS = (
					"$(inherited)",
					/Applications/Xcode.app/Contents/Developer/Toolchains/XcodeDefault.xctoolchain/usr/include,
				);
				IPHONEOS_DEPLOYMENT_TARGET = 6.0;
				ONLY_ACTIVE_ARCH = YES;
				OTHER_CFLAGS = "$(inherited)";
				SDKROOT = iphoneos;
				TARGETED_DEVICE_FAMILY = "1,2";
			};
			name = Debug;
		};
		225EB5CA196BDF2A00ABB668 /* Release */ = {
			isa = XCBuildConfiguration;
			buildSettings = {
				ALWAYS_SEARCH_USER_PATHS = NO;
				CLANG_CXX_LANGUAGE_STANDARD = "gnu++0x";
				CLANG_CXX_LIBRARY = "libc++";
				CLANG_ENABLE_MODULES = YES;
				CLANG_ENABLE_OBJC_ARC = YES;
				CLANG_WARN_BOOL_CONVERSION = YES;
				CLANG_WARN_CONSTANT_CONVERSION = YES;
				CLANG_WARN_DIRECT_OBJC_ISA_USAGE = YES_ERROR;
				CLANG_WARN_EMPTY_BODY = YES;
				CLANG_WARN_ENUM_CONVERSION = YES;
				CLANG_WARN_INT_CONVERSION = YES;
				CLANG_WARN_OBJC_ROOT_CLASS = YES_ERROR;
				CLANG_WARN__DUPLICATE_METHOD_MATCH = YES;
				"CODE_SIGN_IDENTITY[sdk=iphoneos*]" = "iPhone Developer";
				COPY_PHASE_STRIP = YES;
				ENABLE_NS_ASSERTIONS = NO;
				GCC_C_LANGUAGE_STANDARD = gnu99;
				GCC_WARN_64_TO_32_BIT_CONVERSION = YES;
				GCC_WARN_ABOUT_RETURN_TYPE = YES_ERROR;
				GCC_WARN_UNDECLARED_SELECTOR = YES;
				GCC_WARN_UNINITIALIZED_AUTOS = YES_AGGRESSIVE;
				GCC_WARN_UNUSED_FUNCTION = YES;
				GCC_WARN_UNUSED_VARIABLE = YES;
				HEADER_SEARCH_PATHS = (
					"$(inherited)",
					/Applications/Xcode.app/Contents/Developer/Toolchains/XcodeDefault.xctoolchain/usr/include,
				);
				IPHONEOS_DEPLOYMENT_TARGET = 6.0;
				OTHER_CFLAGS = "$(inherited)";
				SDKROOT = iphoneos;
				TARGETED_DEVICE_FAMILY = "1,2";
				VALIDATE_PRODUCT = YES;
			};
			name = Release;
		};
		225EB5CC196BDF2A00ABB668 /* Debug */ = {
			isa = XCBuildConfiguration;
			baseConfigurationReference = 850437F3B66E3C1407093DBA /* Pods.debug.xcconfig */;
			buildSettings = {
				ASSETCATALOG_COMPILER_APPICON_NAME = AppIcon;
				ASSETCATALOG_COMPILER_LAUNCHIMAGE_NAME = LaunchImage;
				GCC_PRECOMPILE_PREFIX_HEADER = YES;
				GCC_PREFIX_HEADER = "HydraDemo/HydraDemo-Prefix.pch";
				INFOPLIST_FILE = "HydraDemo/HydraDemo-Info.plist";
				LIBRARY_SEARCH_PATHS = (
					"$(inherited)",
					"$(PROJECT_DIR)",
				);
				PRODUCT_NAME = "$(TARGET_NAME)";
				TARGETED_DEVICE_FAMILY = 1;
				WRAPPER_EXTENSION = app;
			};
			name = Debug;
		};
		225EB5CD196BDF2A00ABB668 /* Release */ = {
			isa = XCBuildConfiguration;
			baseConfigurationReference = 4AEA3B962F01A1290E40686E /* Pods.release.xcconfig */;
			buildSettings = {
				ASSETCATALOG_COMPILER_APPICON_NAME = AppIcon;
				ASSETCATALOG_COMPILER_LAUNCHIMAGE_NAME = LaunchImage;
				GCC_PRECOMPILE_PREFIX_HEADER = YES;
				GCC_PREFIX_HEADER = "HydraDemo/HydraDemo-Prefix.pch";
				INFOPLIST_FILE = "HydraDemo/HydraDemo-Info.plist";
				LIBRARY_SEARCH_PATHS = (
					"$(inherited)",
					"$(PROJECT_DIR)",
				);
				PRODUCT_NAME = "$(TARGET_NAME)";
				TARGETED_DEVICE_FAMILY = 1;
				WRAPPER_EXTENSION = app;
			};
			name = Release;
		};
		225EB5CF196BDF2A00ABB668 /* Debug */ = {
			isa = XCBuildConfiguration;
			buildSettings = {
				BUNDLE_LOADER = "$(BUILT_PRODUCTS_DIR)/HydraDemo.app/HydraDemo";
				FRAMEWORK_SEARCH_PATHS = (
					"$(SDKROOT)/Developer/Library/Frameworks",
					"$(inherited)",
					"$(DEVELOPER_FRAMEWORKS_DIR)",
				);
				GCC_PRECOMPILE_PREFIX_HEADER = YES;
				GCC_PREFIX_HEADER = "HydraDemo/HydraDemo-Prefix.pch";
				GCC_PREPROCESSOR_DEFINITIONS = (
					"DEBUG=1",
					"$(inherited)",
				);
				INFOPLIST_FILE = "HydraDemoTests/HydraDemoTests-Info.plist";
				PRODUCT_NAME = "$(TARGET_NAME)";
				TEST_HOST = "$(BUNDLE_LOADER)";
				WRAPPER_EXTENSION = xctest;
			};
			name = Debug;
		};
		225EB5D0196BDF2A00ABB668 /* Release */ = {
			isa = XCBuildConfiguration;
			buildSettings = {
				BUNDLE_LOADER = "$(BUILT_PRODUCTS_DIR)/HydraDemo.app/HydraDemo";
				FRAMEWORK_SEARCH_PATHS = (
					"$(SDKROOT)/Developer/Library/Frameworks",
					"$(inherited)",
					"$(DEVELOPER_FRAMEWORKS_DIR)",
				);
				GCC_PRECOMPILE_PREFIX_HEADER = YES;
				GCC_PREFIX_HEADER = "HydraDemo/HydraDemo-Prefix.pch";
				INFOPLIST_FILE = "HydraDemoTests/HydraDemoTests-Info.plist";
				PRODUCT_NAME = "$(TARGET_NAME)";
				TEST_HOST = "$(BUNDLE_LOADER)";
				WRAPPER_EXTENSION = xctest;
			};
			name = Release;
		};
/* End XCBuildConfiguration section */

/* Begin XCConfigurationList section */
		225EB59A196BDF2A00ABB668 /* Build configuration list for PBXProject "HydraDemo" */ = {
			isa = XCConfigurationList;
			buildConfigurations = (
				225EB5C9196BDF2A00ABB668 /* Debug */,
				225EB5CA196BDF2A00ABB668 /* Release */,
			);
			defaultConfigurationIsVisible = 0;
			defaultConfigurationName = Release;
		};
		225EB5CB196BDF2A00ABB668 /* Build configuration list for PBXNativeTarget "HydraDemo" */ = {
			isa = XCConfigurationList;
			buildConfigurations = (
				225EB5CC196BDF2A00ABB668 /* Debug */,
				225EB5CD196BDF2A00ABB668 /* Release */,
			);
			defaultConfigurationIsVisible = 0;
			defaultConfigurationName = Release;
		};
		225EB5CE196BDF2A00ABB668 /* Build configuration list for PBXNativeTarget "HydraDemoTests" */ = {
			isa = XCConfigurationList;
			buildConfigurations = (
				225EB5CF196BDF2A00ABB668 /* Debug */,
				225EB5D0196BDF2A00ABB668 /* Release */,
			);
			defaultConfigurationIsVisible = 0;
			defaultConfigurationName = Release;
		};
/* End XCConfigurationList section */
	};
	rootObject = 225EB597196BDF2A00ABB668 /* Project object */;
}
