// !$*UTF8*$!
{
	archiveVersion = 1;
	classes = {
	};
	objectVersion = 46;
	objects = {

/* Begin PBXBuildFile section */
		2237CB4A196A5A7200B6AE44 /* Foundation.framework in Frameworks */ = {isa = PBXBuildFile; fileRef = 2237CB49196A5A7200B6AE44 /* Foundation.framework */; };
		2237CB4F196A5A7200B6AE44 /* HydraRelease.h in CopyFiles */ = {isa = PBXBuildFile; fileRef = 2237CB4E196A5A7200B6AE44 /* HydraRelease.h */; };
		2237CB51196A5A7200B6AE44 /* HydraRelease.m in Sources */ = {isa = PBXBuildFile; fileRef = 2237CB50196A5A7200B6AE44 /* HydraRelease.m */; };
		2237CB58196A5A7300B6AE44 /* XCTest.framework in Frameworks */ = {isa = PBXBuildFile; fileRef = 2237CB57196A5A7300B6AE44 /* XCTest.framework */; };
		2237CB59196A5A7300B6AE44 /* Foundation.framework in Frameworks */ = {isa = PBXBuildFile; fileRef = 2237CB49196A5A7200B6AE44 /* Foundation.framework */; };
		2237CB5B196A5A7300B6AE44 /* UIKit.framework in Frameworks */ = {isa = PBXBuildFile; fileRef = 2237CB5A196A5A7300B6AE44 /* UIKit.framework */; };
		2237CB5E196A5A7300B6AE44 /* libHydraRelease.a in Frameworks */ = {isa = PBXBuildFile; fileRef = 2237CB46196A5A7200B6AE44 /* libHydraRelease.a */; };
		2237CB64196A5A7300B6AE44 /* InfoPlist.strings in Resources */ = {isa = PBXBuildFile; fileRef = 2237CB62196A5A7300B6AE44 /* InfoPlist.strings */; };
		2237CB66196A5A7300B6AE44 /* HydraReleaseTests.m in Sources */ = {isa = PBXBuildFile; fileRef = 2237CB65196A5A7300B6AE44 /* HydraReleaseTests.m */; };
		2237CB70196A5AE300B6AE44 /* EOS.framework in Frameworks */ = {isa = PBXBuildFile; fileRef = 2237CB6F196A5AE300B6AE44 /* EOS.framework */; };
/* End PBXBuildFile section */

/* Begin PBXContainerItemProxy section */
		2237CB5C196A5A7300B6AE44 /* PBXContainerItemProxy */ = {
			isa = PBXContainerItemProxy;
			containerPortal = 2237CB3E196A5A7200B6AE44 /* Project object */;
			proxyType = 1;
			remoteGlobalIDString = 2237CB45196A5A7200B6AE44;
			remoteInfo = HydraRelease;
		};
/* End PBXContainerItemProxy section */

/* Begin PBXCopyFilesBuildPhase section */
		2237CB44196A5A7200B6AE44 /* CopyFiles */ = {
			isa = PBXCopyFilesBuildPhase;
			buildActionMask = 2147483647;
			dstPath = "include/$(PRODUCT_NAME)";
			dstSubfolderSpec = 16;
			files = (
				2237CB4F196A5A7200B6AE44 /* HydraRelease.h in CopyFiles */,
			);
			runOnlyForDeploymentPostprocessing = 0;
		};
/* End PBXCopyFilesBuildPhase section */

/* Begin PBXFileReference section */
		2237CB46196A5A7200B6AE44 /* libHydraRelease.a */ = {isa = PBXFileReference; explicitFileType = archive.ar; includeInIndex = 0; path = libHydraRelease.a; sourceTree = BUILT_PRODUCTS_DIR; };
		2237CB49196A5A7200B6AE44 /* Foundation.framework */ = {isa = PBXFileReference; lastKnownFileType = wrapper.framework; name = Foundation.framework; path = System/Library/Frameworks/Foundation.framework; sourceTree = SDKROOT; };
		2237CB4D196A5A7200B6AE44 /* HydraRelease-Prefix.pch */ = {isa = PBXFileReference; lastKnownFileType = sourcecode.c.h; path = "HydraRelease-Prefix.pch"; sourceTree = "<group>"; };
		2237CB4E196A5A7200B6AE44 /* HydraRelease.h */ = {isa = PBXFileReference; lastKnownFileType = sourcecode.c.h; path = HydraRelease.h; sourceTree = "<group>"; };
		2237CB50196A5A7200B6AE44 /* HydraRelease.m */ = {isa = PBXFileReference; lastKnownFileType = sourcecode.c.objc; path = HydraRelease.m; sourceTree = "<group>"; };
		2237CB56196A5A7300B6AE44 /* HydraReleaseTests.xctest */ = {isa = PBXFileReference; explicitFileType = wrapper.cfbundle; includeInIndex = 0; path = HydraReleaseTests.xctest; sourceTree = BUILT_PRODUCTS_DIR; };
		2237CB57196A5A7300B6AE44 /* XCTest.framework */ = {isa = PBXFileReference; lastKnownFileType = wrapper.framework; name = XCTest.framework; path = Library/Frameworks/XCTest.framework; sourceTree = DEVELOPER_DIR; };
		2237CB5A196A5A7300B6AE44 /* UIKit.framework */ = {isa = PBXFileReference; lastKnownFileType = wrapper.framework; name = UIKit.framework; path = Library/Frameworks/UIKit.framework; sourceTree = DEVELOPER_DIR; };
		2237CB61196A5A7300B6AE44 /* HydraReleaseTests-Info.plist */ = {isa = PBXFileReference; lastKnownFileType = text.plist.xml; path = "HydraReleaseTests-Info.plist"; sourceTree = "<group>"; };
		2237CB63196A5A7300B6AE44 /* en */ = {isa = PBXFileReference; lastKnownFileType = text.plist.strings; name = en; path = en.lproj/InfoPlist.strings; sourceTree = "<group>"; };
		2237CB65196A5A7300B6AE44 /* HydraReleaseTests.m */ = {isa = PBXFileReference; lastKnownFileType = sourcecode.c.objc; path = HydraReleaseTests.m; sourceTree = "<group>"; };
		2237CB6F196A5AE300B6AE44 /* EOS.framework */ = {isa = PBXFileReference; lastKnownFileType = wrapper.framework; path = EOS.framework; sourceTree = "<group>"; };
/* End PBXFileReference section */

/* Begin PBXFrameworksBuildPhase section */
		2237CB43196A5A7200B6AE44 /* Frameworks */ = {
			isa = PBXFrameworksBuildPhase;
			buildActionMask = 2147483647;
			files = (
				2237CB70196A5AE300B6AE44 /* EOS.framework in Frameworks */,
				2237CB4A196A5A7200B6AE44 /* Foundation.framework in Frameworks */,
			);
			runOnlyForDeploymentPostprocessing = 0;
		};
		2237CB53196A5A7300B6AE44 /* Frameworks */ = {
			isa = PBXFrameworksBuildPhase;
			buildActionMask = 2147483647;
			files = (
				2237CB5E196A5A7300B6AE44 /* libHydraRelease.a in Frameworks */,
				2237CB58196A5A7300B6AE44 /* XCTest.framework in Frameworks */,
				2237CB5B196A5A7300B6AE44 /* UIKit.framework in Frameworks */,
				2237CB59196A5A7300B6AE44 /* Foundation.framework in Frameworks */,
			);
			runOnlyForDeploymentPostprocessing = 0;
		};
/* End PBXFrameworksBuildPhase section */

/* Begin PBXGroup section */
		2237CB3D196A5A7200B6AE44 = {
			isa = PBXGroup;
			children = (
				2237CB4B196A5A7200B6AE44 /* HydraRelease */,
				2237CB5F196A5A7300B6AE44 /* HydraReleaseTests */,
				2237CB48196A5A7200B6AE44 /* Frameworks */,
				2237CB47196A5A7200B6AE44 /* Products */,
			);
			sourceTree = "<group>";
		};
		2237CB47196A5A7200B6AE44 /* Products */ = {
			isa = PBXGroup;
			children = (
				2237CB46196A5A7200B6AE44 /* libHydraRelease.a */,
				2237CB56196A5A7300B6AE44 /* HydraReleaseTests.xctest */,
			);
			name = Products;
			sourceTree = "<group>";
		};
		2237CB48196A5A7200B6AE44 /* Frameworks */ = {
			isa = PBXGroup;
			children = (
				2237CB6F196A5AE300B6AE44 /* EOS.framework */,
				2237CB49196A5A7200B6AE44 /* Foundation.framework */,
				2237CB57196A5A7300B6AE44 /* XCTest.framework */,
				2237CB5A196A5A7300B6AE44 /* UIKit.framework */,
			);
			name = Frameworks;
			sourceTree = "<group>";
		};
		2237CB4B196A5A7200B6AE44 /* HydraRelease */ = {
			isa = PBXGroup;
			children = (
				2237CB4E196A5A7200B6AE44 /* HydraRelease.h */,
				2237CB50196A5A7200B6AE44 /* HydraRelease.m */,
				2237CB4C196A5A7200B6AE44 /* Supporting Files */,
			);
			path = HydraRelease;
			sourceTree = "<group>";
		};
		2237CB4C196A5A7200B6AE44 /* Supporting Files */ = {
			isa = PBXGroup;
			children = (
				2237CB4D196A5A7200B6AE44 /* HydraRelease-Prefix.pch */,
			);
			name = "Supporting Files";
			sourceTree = "<group>";
		};
		2237CB5F196A5A7300B6AE44 /* HydraReleaseTests */ = {
			isa = PBXGroup;
			children = (
				2237CB65196A5A7300B6AE44 /* HydraReleaseTests.m */,
				2237CB60196A5A7300B6AE44 /* Supporting Files */,
			);
			path = HydraReleaseTests;
			sourceTree = "<group>";
		};
		2237CB60196A5A7300B6AE44 /* Supporting Files */ = {
			isa = PBXGroup;
			children = (
				2237CB61196A5A7300B6AE44 /* HydraReleaseTests-Info.plist */,
				2237CB62196A5A7300B6AE44 /* InfoPlist.strings */,
			);
			name = "Supporting Files";
			sourceTree = "<group>";
		};
/* End PBXGroup section */

/* Begin PBXNativeTarget section */
		2237CB45196A5A7200B6AE44 /* HydraRelease */ = {
			isa = PBXNativeTarget;
			buildConfigurationList = 2237CB69196A5A7300B6AE44 /* Build configuration list for PBXNativeTarget "HydraRelease" */;
			buildPhases = (
				2237CB42196A5A7200B6AE44 /* Sources */,
				2237CB43196A5A7200B6AE44 /* Frameworks */,
				2237CB44196A5A7200B6AE44 /* CopyFiles */,
			);
			buildRules = (
			);
			dependencies = (
			);
			name = HydraRelease;
			productName = HydraRelease;
			productReference = 2237CB46196A5A7200B6AE44 /* libHydraRelease.a */;
			productType = "com.apple.product-type.library.static";
		};
		2237CB55196A5A7300B6AE44 /* HydraReleaseTests */ = {
			isa = PBXNativeTarget;
			buildConfigurationList = 2237CB6C196A5A7300B6AE44 /* Build configuration list for PBXNativeTarget "HydraReleaseTests" */;
			buildPhases = (
				2237CB52196A5A7300B6AE44 /* Sources */,
				2237CB53196A5A7300B6AE44 /* Frameworks */,
				2237CB54196A5A7300B6AE44 /* Resources */,
			);
			buildRules = (
			);
			dependencies = (
				2237CB5D196A5A7300B6AE44 /* PBXTargetDependency */,
			);
			name = HydraReleaseTests;
			productName = HydraReleaseTests;
			productReference = 2237CB56196A5A7300B6AE44 /* HydraReleaseTests.xctest */;
			productType = "com.apple.product-type.bundle.unit-test";
		};
/* End PBXNativeTarget section */

/* Begin PBXProject section */
		2237CB3E196A5A7200B6AE44 /* Project object */ = {
			isa = PBXProject;
			attributes = {
				LastUpgradeCheck = 0510;
				ORGANIZATIONNAME = Hydra;
			};
			buildConfigurationList = 2237CB41196A5A7200B6AE44 /* Build configuration list for PBXProject "HydraRelease" */;
			compatibilityVersion = "Xcode 3.2";
			developmentRegion = English;
			hasScannedForEncodings = 0;
			knownRegions = (
				en,
			);
			mainGroup = 2237CB3D196A5A7200B6AE44;
			productRefGroup = 2237CB47196A5A7200B6AE44 /* Products */;
			projectDirPath = "";
			projectRoot = "";
			targets = (
				2237CB45196A5A7200B6AE44 /* HydraRelease */,
				2237CB55196A5A7300B6AE44 /* HydraReleaseTests */,
			);
		};
/* End PBXProject section */

/* Begin PBXResourcesBuildPhase section */
		2237CB54196A5A7300B6AE44 /* Resources */ = {
			isa = PBXResourcesBuildPhase;
			buildActionMask = 2147483647;
			files = (
				2237CB64196A5A7300B6AE44 /* InfoPlist.strings in Resources */,
			);
			runOnlyForDeploymentPostprocessing = 0;
		};
/* End PBXResourcesBuildPhase section */

/* Begin PBXSourcesBuildPhase section */
		2237CB42196A5A7200B6AE44 /* Sources */ = {
			isa = PBXSourcesBuildPhase;
			buildActionMask = 2147483647;
			files = (
				2237CB51196A5A7200B6AE44 /* HydraRelease.m in Sources */,
			);
			runOnlyForDeploymentPostprocessing = 0;
		};
		2237CB52196A5A7300B6AE44 /* Sources */ = {
			isa = PBXSourcesBuildPhase;
			buildActionMask = 2147483647;
			files = (
				2237CB66196A5A7300B6AE44 /* HydraReleaseTests.m in Sources */,
			);
			runOnlyForDeploymentPostprocessing = 0;
		};
/* End PBXSourcesBuildPhase section */

/* Begin PBXTargetDependency section */
		2237CB5D196A5A7300B6AE44 /* PBXTargetDependency */ = {
			isa = PBXTargetDependency;
			target = 2237CB45196A5A7200B6AE44 /* HydraRelease */;
			targetProxy = 2237CB5C196A5A7300B6AE44 /* PBXContainerItemProxy */;
		};
/* End PBXTargetDependency section */

/* Begin PBXVariantGroup section */
		2237CB62196A5A7300B6AE44 /* InfoPlist.strings */ = {
			isa = PBXVariantGroup;
			children = (
				2237CB63196A5A7300B6AE44 /* en */,
			);
			name = InfoPlist.strings;
			sourceTree = "<group>";
		};
/* End PBXVariantGroup section */

/* Begin XCBuildConfiguration section */
		2237CB67196A5A7300B6AE44 /* Debug */ = {
			isa = XCBuildConfiguration;
			buildSettings = {
				ALWAYS_SEARCH_USER_PATHS = NO;
				CLANG_CXX_LANGUAGE_STANDARD = "gnu++0x";
				CLANG_CXX_LIBRARY = "libc++";
				CLANG_ENABLE_MODULES = YES;
				CLANG_ENABLE_OBJC_ARC = YES;
				CLANG_WARN_BOOL_CONVERSION = YES;
				CLANG_WARN_CONSTANT_CONVERSION = YES;
				CLANG_WARN_DIRECT_OBJC_ISA_USAGE = YES_ERROR;
				CLANG_WARN_EMPTY_BODY = YES;
				CLANG_WARN_ENUM_CONVERSION = YES;
				CLANG_WARN_INT_CONVERSION = YES;
				CLANG_WARN_OBJC_ROOT_CLASS = YES_ERROR;
				CLANG_WARN__DUPLICATE_METHOD_MATCH = YES;
				COPY_PHASE_STRIP = NO;
				GCC_C_LANGUAGE_STANDARD = gnu99;
				GCC_DYNAMIC_NO_PIC = NO;
				GCC_OPTIMIZATION_LEVEL = 0;
				GCC_PREPROCESSOR_DEFINITIONS = (
					"DEBUG=1",
					"$(inherited)",
				);
				GCC_SYMBOLS_PRIVATE_EXTERN = NO;
				GCC_WARN_64_TO_32_BIT_CONVERSION = YES;
				GCC_WARN_ABOUT_RETURN_TYPE = YES_ERROR;
				GCC_WARN_UNDECLARED_SELECTOR = YES;
				GCC_WARN_UNINITIALIZED_AUTOS = YES_AGGRESSIVE;
				GCC_WARN_UNUSED_FUNCTION = YES;
				GCC_WARN_UNUSED_VARIABLE = YES;
				IPHONEOS_DEPLOYMENT_TARGET = 7.1;
				ONLY_ACTIVE_ARCH = YES;
				SDKROOT = iphoneos;
			};
			name = Debug;
		};
		2237CB68196A5A7300B6AE44 /* Release */ = {
			isa = XCBuildConfiguration;
			buildSettings = {
				ALWAYS_SEARCH_USER_PATHS = NO;
				CLANG_CXX_LANGUAGE_STANDARD = "gnu++0x";
				CLANG_CXX_LIBRARY = "libc++";
				CLANG_ENABLE_MODULES = YES;
				CLANG_ENABLE_OBJC_ARC = YES;
				CLANG_WARN_BOOL_CONVERSION = YES;
				CLANG_WARN_CONSTANT_CONVERSION = YES;
				CLANG_WARN_DIRECT_OBJC_ISA_USAGE = YES_ERROR;
				CLANG_WARN_EMPTY_BODY = YES;
				CLANG_WARN_ENUM_CONVERSION = YES;
				CLANG_WARN_INT_CONVERSION = YES;
				CLANG_WARN_OBJC_ROOT_CLASS = YES_ERROR;
				CLANG_WARN__DUPLICATE_METHOD_MATCH = YES;
				COPY_PHASE_STRIP = YES;
				ENABLE_NS_ASSERTIONS = NO;
				GCC_C_LANGUAGE_STANDARD = gnu99;
				GCC_WARN_64_TO_32_BIT_CONVERSION = YES;
				GCC_WARN_ABOUT_RETURN_TYPE = YES_ERROR;
				GCC_WARN_UNDECLARED_SELECTOR = YES;
				GCC_WARN_UNINITIALIZED_AUTOS = YES_AGGRESSIVE;
				GCC_WARN_UNUSED_FUNCTION = YES;
				GCC_WARN_UNUSED_VARIABLE = YES;
				IPHONEOS_DEPLOYMENT_TARGET = 7.1;
				SDKROOT = iphoneos;
				VALIDATE_PRODUCT = YES;
			};
			name = Release;
		};
		2237CB6A196A5A7300B6AE44 /* Debug */ = {
			isa = XCBuildConfiguration;
			buildSettings = {
				DSTROOT = /tmp/HydraRelease.dst;
				FRAMEWORK_SEARCH_PATHS = (
					"$(inherited)",
					"$(PROJECT_DIR)",
				);
				GCC_PRECOMPILE_PREFIX_HEADER = YES;
				GCC_PREFIX_HEADER = "HydraRelease/HydraRelease-Prefix.pch";
				OTHER_LDFLAGS = "-ObjC";
				PRODUCT_NAME = "$(TARGET_NAME)";
				SKIP_INSTALL = YES;
			};
			name = Debug;
		};
		2237CB6B196A5A7300B6AE44 /* Release */ = {
			isa = XCBuildConfiguration;
			buildSettings = {
				DSTROOT = /tmp/HydraRelease.dst;
				FRAMEWORK_SEARCH_PATHS = (
					"$(inherited)",
					"$(PROJECT_DIR)",
				);
				GCC_PRECOMPILE_PREFIX_HEADER = YES;
				GCC_PREFIX_HEADER = "HydraRelease/HydraRelease-Prefix.pch";
				OTHER_LDFLAGS = "-ObjC";
				PRODUCT_NAME = "$(TARGET_NAME)";
				SKIP_INSTALL = YES;
			};
			name = Release;
		};
		2237CB6D196A5A7300B6AE44 /* Debug */ = {
			isa = XCBuildConfiguration;
			buildSettings = {
				FRAMEWORK_SEARCH_PATHS = (
					"$(SDKROOT)/Developer/Library/Frameworks",
					"$(inherited)",
					"$(DEVELOPER_FRAMEWORKS_DIR)",
				);
				GCC_PRECOMPILE_PREFIX_HEADER = YES;
				GCC_PREFIX_HEADER = "HydraRelease/HydraRelease-Prefix.pch";
				GCC_PREPROCESSOR_DEFINITIONS = (
					"DEBUG=1",
					"$(inherited)",
				);
				INFOPLIST_FILE = "HydraReleaseTests/HydraReleaseTests-Info.plist";
				PRODUCT_NAME = "$(TARGET_NAME)";
				WRAPPER_EXTENSION = xctest;
			};
			name = Debug;
		};
		2237CB6E196A5A7300B6AE44 /* Release */ = {
			isa = XCBuildConfiguration;
			buildSettings = {
				FRAMEWORK_SEARCH_PATHS = (
					"$(SDKROOT)/Developer/Library/Frameworks",
					"$(inherited)",
					"$(DEVELOPER_FRAMEWORKS_DIR)",
				);
				GCC_PRECOMPILE_PREFIX_HEADER = YES;
				GCC_PREFIX_HEADER = "HydraRelease/HydraRelease-Prefix.pch";
				INFOPLIST_FILE = "HydraReleaseTests/HydraReleaseTests-Info.plist";
				PRODUCT_NAME = "$(TARGET_NAME)";
				WRAPPER_EXTENSION = xctest;
			};
			name = Release;
		};
/* End XCBuildConfiguration section */

/* Begin XCConfigurationList section */
		2237CB41196A5A7200B6AE44 /* Build configuration list for PBXProject "HydraRelease" */ = {
			isa = XCConfigurationList;
			buildConfigurations = (
				2237CB67196A5A7300B6AE44 /* Debug */,
				2237CB68196A5A7300B6AE44 /* Release */,
			);
			defaultConfigurationIsVisible = 0;
			defaultConfigurationName = Release;
		};
		2237CB69196A5A7300B6AE44 /* Build configuration list for PBXNativeTarget "HydraRelease" */ = {
			isa = XCConfigurationList;
			buildConfigurations = (
				2237CB6A196A5A7300B6AE44 /* Debug */,
				2237CB6B196A5A7300B6AE44 /* Release */,
			);
			defaultConfigurationIsVisible = 0;
			defaultConfigurationName = Release;
		};
		2237CB6C196A5A7300B6AE44 /* Build configuration list for PBXNativeTarget "HydraReleaseTests" */ = {
			isa = XCConfigurationList;
			buildConfigurations = (
				2237CB6D196A5A7300B6AE44 /* Debug */,
				2237CB6E196A5A7300B6AE44 /* Release */,
			);
			defaultConfigurationIsVisible = 0;
			defaultConfigurationName = Release;
		};
/* End XCConfigurationList section */
	};
	rootObject = 2237CB3E196A5A7200B6AE44 /* Project object */;
}
